
Microsoft Visual Studio Solution File, Format Version 12.00
# Visual Studio 15
VisualStudioVersion = 15.0.28307.645
MinimumVisualStudioVersion = 10.0.40219.1
Project("{FAE04EC0-301F-11D3-BF4B-00C04F79EFBC}") = "LinkedList", "LinkedList\LinkedList.csproj", "{C408A82C-2E6E-4C21-BCCB-54D899164F44}"
EndProject
Global
	GlobalSection(SolutionConfigurationPlatforms) = preSolution
		Debug|Any CPU = Debug|Any CPU
		Release|Any CPU = Release|Any CPU
	EndGlobalSection
	GlobalSection(ProjectConfigurationPlatforms) = postSolution
		{C408A82C-2E6E-4C21-BCCB-54D899164F44}.Debug|Any CPU.ActiveCfg = Debug|Any CPU
		{C408A82C-2E6E-4C21-BCCB-54D899164F44}.Debug|Any CPU.Build.0 = Debug|Any CPU
		{C408A82C-2E6E-4C21-BCCB-54D899164F44}.Release|Any CPU.ActiveCfg = Release|Any CPU
		{C408A82C-2E6E-4C21-BCCB-54D899164F44}.Release|Any CPU.Build.0 = Release|Any CPU
	EndGlobalSection
	GlobalSection(SolutionProperties) = preSolution
		HideSolutionNode = FALSE
	EndGlobalSection
	GlobalSection(ExtensibilityGlobals) = postSolution
		SolutionGuid = {A47BB0DD-52FB-41EB-8AC1-C4F38523C377}
	EndGlobalSection
EndGlobal
